github.com/akshaybharambe14/go-jsonc v1.0.0 h1:kRlZA2+aj/sW64MpKXO6jh83PQd2hPBWXLONDNiamdY=
github.com/akshaybharambe14/go-jsonc v1.0.0/go.mod h1:GbNZ8I2Hnjs8r9XilRTid0hGgQDU59noO2csl4ItxXk=
muzzammil.xyz/jsonc v0.0.0-20190906142622-1265e9b150c6/go.mod h1:rFv8tUUKe+QLh7v02BhfxXEf4ZHhYD7unR93HL/1Uvo=
